{
    "version": 3,
    "terraform_version": "0.11.11",
    "serial": 13,
    "lineage": "a511cc0b-6660-5ab5-e58a-b81a5945b092",
    "modules": [
        {
            "path": [
                "root"
            ],
            "outputs": {},
            "resources": {},
            "depends_on": []
        },
        {
            "path": [
                "root",
                "iam"
            ],
            "outputs": {
                "out_iam_instance_profile_name": {
                    "sensitive": false,
                    "type": "string",
                    "value": "ec2_s3_full_access"
                }
            },
            "resources": {
                "aws_iam_instance_profile.ec2_s3_full_access": {
                    "type": "aws_iam_instance_profile",
                    "depends_on": [
                        "aws_iam_role.ec2_s3_iam_role"
                    ],
                    "primary": {
                        "id": "ec2_s3_full_access",
                        "attributes": {
                            "arn": "arn:aws:iam::655492567180:instance-profile/ec2_s3_full_access",
                            "create_date": "2019-08-21T17:33:01Z",
                            "id": "ec2_s3_full_access",
                            "name": "ec2_s3_full_access",
                            "path": "/",
                            "role": "iam_role",
                            "roles.#": "0",
                            "unique_id": "AIPAZRHTG2CGDNLCUPTEV"
                        },
                        "meta": {},
                        "tainted": false
                    },
                    "deposed": [],
                    "provider": "provider.aws"
                },
                "aws_iam_policy.ec2_s3_iam_policy": {
                    "type": "aws_iam_policy",
                    "depends_on": [],
                    "primary": {
                        "id": "arn:aws:iam::655492567180:policy/ec2_s3_iam_policy",
                        "attributes": {
                            "arn": "arn:aws:iam::655492567180:policy/ec2_s3_iam_policy",
                            "description": "EC2 S3 Full Access Policy",
                            "id": "arn:aws:iam::655492567180:policy/ec2_s3_iam_policy",
                            "name": "ec2_s3_iam_policy",
                            "path": "/",
                            "policy": "{\n  \"Version\": \"2012-10-17\",\n  \"Statement\": [\n  {\n    \"Effect\": \"Allow\",\n    \"Action\": \"s3:*\",\n    \"Resource\": \"*\"\n    }\n  ]\n}\n"
                        },
                        "meta": {},
                        "tainted": false
                    },
                    "deposed": [],
                    "provider": "provider.aws"
                },
                "aws_iam_role.ec2_s3_iam_role": {
                    "type": "aws_iam_role",
                    "depends_on": [],
                    "primary": {
                        "id": "iam_role",
                        "attributes": {
                            "arn": "arn:aws:iam::655492567180:role/iam_role",
                            "assume_role_policy": "{\"Version\":\"2012-10-17\",\"Statement\":[{\"Effect\":\"Allow\",\"Principal\":{\"Service\":\"ec2.amazonaws.com\"},\"Action\":\"sts:AssumeRole\"}]}",
                            "create_date": "2019-08-21T17:33:01Z",
                            "description": "",
                            "force_detach_policies": "false",
                            "id": "iam_role",
                            "max_session_duration": "3600",
                            "name": "iam_role",
                            "path": "/",
                            "tags.%": "0",
                            "unique_id": "AROAZRHTG2CGL4TUHGRDZ"
                        },
                        "meta": {},
                        "tainted": false
                    },
                    "deposed": [],
                    "provider": "provider.aws"
                },
                "aws_iam_role_policy_attachment.ec2_s3_policy_attach": {
                    "type": "aws_iam_role_policy_attachment",
                    "depends_on": [
                        "aws_iam_policy.ec2_s3_iam_policy",
                        "aws_iam_role.ec2_s3_iam_role"
                    ],
                    "primary": {
                        "id": "iam_role-20190821173301610100000001",
                        "attributes": {
                            "id": "iam_role-20190821173301610100000001",
                            "policy_arn": "arn:aws:iam::655492567180:policy/ec2_s3_iam_policy",
                            "role": "iam_role"
                        },
                        "meta": {},
                        "tainted": false
                    },
                    "deposed": [],
                    "provider": "provider.aws"
                }
            },
            "depends_on": []
        },
        {
            "path": [
                "root",
                "instance"
            ],
            "outputs": {},
            "resources": {
                "aws_alb.web_server_alb": {
                    "type": "aws_alb",
                    "depends_on": [],
                    "primary": {
                        "id": "arn:aws:elasticloadbalancing:ap-south-1:655492567180:loadbalancer/app/webserveralb/6f2e6ffdeaade6ac",
                        "attributes": {
                            "access_logs.#": "1",
                            "access_logs.0.bucket": "",
                            "access_logs.0.enabled": "false",
                            "access_logs.0.prefix": "",
                            "arn": "arn:aws:elasticloadbalancing:ap-south-1:655492567180:loadbalancer/app/webserveralb/6f2e6ffdeaade6ac",
                            "arn_suffix": "app/webserveralb/6f2e6ffdeaade6ac",
                            "dns_name": "webserveralb-1423190404.ap-south-1.elb.amazonaws.com",
                            "enable_deletion_protection": "false",
                            "enable_http2": "true",
                            "id": "arn:aws:elasticloadbalancing:ap-south-1:655492567180:loadbalancer/app/webserveralb/6f2e6ffdeaade6ac",
                            "idle_timeout": "60",
                            "internal": "false",
                            "ip_address_type": "ipv4",
                            "load_balancer_type": "application",
                            "name": "webserveralb",
                            "security_groups.#": "1",
                            "security_groups.2261081738": "sg-047b2aff4f8f0f437",
                            "subnet_mapping.#": "2",
                            "subnet_mapping.2470088450.allocation_id": "",
                            "subnet_mapping.2470088450.subnet_id": "subnet-0c1b62d6a0f267c11",
                            "subnet_mapping.4107452511.allocation_id": "",
                            "subnet_mapping.4107452511.subnet_id": "subnet-0de462fad59ceb10f",
                            "subnets.#": "2",
                            "subnets.1008398214": "subnet-0c1b62d6a0f267c11",
                            "subnets.153058845": "subnet-0de462fad59ceb10f",
                            "tags.%": "1",
                            "tags.Name": "web_server_alb",
                            "vpc_id": "vpc-0d3d471e097fbc316",
                            "zone_id": "ZP97RAFLXTNZK"
                        },
                        "meta": {
                            "e2bfb730-ecaa-11e6-8f88-34363bc7c4c0": {
                                "create": 600000000000,
                                "delete": 600000000000,
                                "update": 600000000000
                            }
                        },
                        "tainted": false
                    },
                    "deposed": [],
                    "provider": "provider.aws"
                },
                "aws_alb_listener.alb_http_listener": {
                    "type": "aws_alb_listener",
                    "depends_on": [
                        "aws_alb.web_server_alb",
                        "aws_alb_target_group.web_server_alb_tg"
                    ],
                    "primary": {
                        "id": "arn:aws:elasticloadbalancing:ap-south-1:655492567180:listener/app/webserveralb/6f2e6ffdeaade6ac/3dd968b693f6ca87",
                        "attributes": {
                            "arn": "arn:aws:elasticloadbalancing:ap-south-1:655492567180:listener/app/webserveralb/6f2e6ffdeaade6ac/3dd968b693f6ca87",
                            "default_action.#": "1",
                            "default_action.0.authenticate_cognito.#": "0",
                            "default_action.0.authenticate_oidc.#": "0",
                            "default_action.0.fixed_response.#": "0",
                            "default_action.0.order": "1",
                            "default_action.0.redirect.#": "0",
                            "default_action.0.target_group_arn": "arn:aws:elasticloadbalancing:ap-south-1:655492567180:targetgroup/web-server-lb-tg/e97a68ffac8f461d",
                            "default_action.0.type": "forward",
                            "id": "arn:aws:elasticloadbalancing:ap-south-1:655492567180:listener/app/webserveralb/6f2e6ffdeaade6ac/3dd968b693f6ca87",
                            "load_balancer_arn": "arn:aws:elasticloadbalancing:ap-south-1:655492567180:loadbalancer/app/webserveralb/6f2e6ffdeaade6ac",
                            "port": "80",
                            "protocol": "HTTP",
                            "ssl_policy": ""
                        },
                        "meta": {
                            "e2bfb730-ecaa-11e6-8f88-34363bc7c4c0": {
                                "read": 600000000000
                            }
                        },
                        "tainted": false
                    },
                    "deposed": [],
                    "provider": "provider.aws"
                },
                "aws_alb_target_group.web_server_alb_tg": {
                    "type": "aws_alb_target_group",
                    "depends_on": [],
                    "primary": {
                        "id": "arn:aws:elasticloadbalancing:ap-south-1:655492567180:targetgroup/web-server-lb-tg/e97a68ffac8f461d",
                        "attributes": {
                            "arn": "arn:aws:elasticloadbalancing:ap-south-1:655492567180:targetgroup/web-server-lb-tg/e97a68ffac8f461d",
                            "arn_suffix": "targetgroup/web-server-lb-tg/e97a68ffac8f461d",
                            "deregistration_delay": "300",
                            "health_check.#": "1",
                            "health_check.0.enabled": "true",
                            "health_check.0.healthy_threshold": "5",
                            "health_check.0.interval": "30",
                            "health_check.0.matcher": "200",
                            "health_check.0.path": "/",
                            "health_check.0.port": "traffic-port",
                            "health_check.0.protocol": "HTTP",
                            "health_check.0.timeout": "5",
                            "health_check.0.unhealthy_threshold": "2",
                            "id": "arn:aws:elasticloadbalancing:ap-south-1:655492567180:targetgroup/web-server-lb-tg/e97a68ffac8f461d",
                            "lambda_multi_value_headers_enabled": "false",
                            "name": "web-server-lb-tg",
                            "port": "80",
                            "protocol": "HTTP",
                            "proxy_protocol_v2": "false",
                            "slow_start": "0",
                            "stickiness.#": "1",
                            "stickiness.0.cookie_duration": "86400",
                            "stickiness.0.enabled": "false",
                            "stickiness.0.type": "lb_cookie",
                            "tags.%": "0",
                            "target_type": "instance",
                            "vpc_id": "vpc-0d3d471e097fbc316"
                        },
                        "meta": {},
                        "tainted": false
                    },
                    "deposed": [],
                    "provider": "provider.aws"
                },
                "aws_alb_target_group_attachment.web_server_alb_tg_attach": {
                    "type": "aws_alb_target_group_attachment",
                    "depends_on": [
                        "aws_alb_target_group.web_server_alb_tg",
                        "aws_instance.web_server"
                    ],
                    "primary": {
                        "id": "arn:aws:elasticloadbalancing:ap-south-1:655492567180:targetgroup/web-server-lb-tg/e97a68ffac8f461d-20190821173357978100000002",
                        "attributes": {
                            "id": "arn:aws:elasticloadbalancing:ap-south-1:655492567180:targetgroup/web-server-lb-tg/e97a68ffac8f461d-20190821173357978100000002",
                            "port": "80",
                            "target_group_arn": "arn:aws:elasticloadbalancing:ap-south-1:655492567180:targetgroup/web-server-lb-tg/e97a68ffac8f461d",
                            "target_id": "i-01707a852229bb3b4"
                        },
                        "meta": {},
                        "tainted": false
                    },
                    "deposed": [],
                    "provider": "provider.aws"
                },
                "aws_autoscaling_group.web_server_asg": {
                    "type": "aws_autoscaling_group",
                    "depends_on": [
                        "aws_alb_target_group.web_server_alb_tg",
                        "aws_launch_configuration.web_server_lc"
                    ],
                    "primary": {
                        "id": "web_server_asg",
                        "attributes": {
                            "availability_zones.#": "2",
                            "availability_zones.1163474009": "ap-south-1a",
                            "availability_zones.3696256483": "ap-south-1b",
                            "desired_capacity": "1",
                            "force_delete": "false",
                            "health_check_grace_period": "300",
                            "health_check_type": "ELB",
                            "id": "web_server_asg",
                            "launch_configuration": "web_server_lc",
                            "load_balancers.#": "0",
                            "max_size": "2",
                            "metrics_granularity": "1Minute",
                            "min_size": "1",
                            "name": "web_server_asg",
                            "protect_from_scale_in": "false",
                            "target_group_arns.#": "1",
                            "target_group_arns.1094974707": "arn:aws:elasticloadbalancing:ap-south-1:655492567180:targetgroup/web-server-lb-tg/e97a68ffac8f461d",
                            "vpc_zone_identifier.#": "0",
                            "wait_for_capacity_timeout": "10m"
                        },
                        "meta": {
                            "e2bfb730-ecaa-11e6-8f88-34363bc7c4c0": {
                                "delete": 600000000000
                            }
                        },
                        "tainted": false
                    },
                    "deposed": [],
                    "provider": "provider.aws"
                },
                "aws_db_instance.rds_instance": {
                    "type": "aws_db_instance",
                    "depends_on": [],
                    "primary": {
                        "id": "testdb",
                        "attributes": {
                            "address": "testdb.czbx0fztovck.ap-south-1.rds.amazonaws.com",
                            "allocated_storage": "10",
                            "arn": "arn:aws:rds:ap-south-1:655492567180:db:testdb",
                            "auto_minor_version_upgrade": "true",
                            "availability_zone": "ap-south-1a",
                            "backup_retention_period": "1",
                            "backup_window": "18:37-19:07",
                            "ca_cert_identifier": "rds-ca-2015",
                            "copy_tags_to_snapshot": "false",
                            "db_subnet_group_name": "rds_subnet",
                            "deletion_protection": "false",
                            "domain": "",
                            "domain_iam_role_name": "",
                            "enabled_cloudwatch_logs_exports.#": "0",
                            "endpoint": "testdb.czbx0fztovck.ap-south-1.rds.amazonaws.com:3306",
                            "engine": "mysql",
                            "engine_version": "5.6.37",
                            "hosted_zone_id": "Z2VFMSZA74J7XZ",
                            "iam_database_authentication_enabled": "false",
                            "id": "testdb",
                            "identifier": "testdb",
                            "instance_class": "db.t2.micro",
                            "iops": "0",
                            "kms_key_id": "",
                            "license_model": "general-public-license",
                            "maintenance_window": "mon:06:52-mon:07:22",
                            "max_allocated_storage": "0",
                            "monitoring_interval": "0",
                            "multi_az": "false",
                            "name": "testdb",
                            "option_group_name": "default:mysql-5-6",
                            "parameter_group_name": "default.mysql5.6",
                            "password": "testdb_pass",
                            "performance_insights_enabled": "false",
                            "performance_insights_kms_key_id": "",
                            "performance_insights_retention_period": "0",
                            "port": "3306",
                            "publicly_accessible": "false",
                            "replicas.#": "0",
                            "replicate_source_db": "",
                            "resource_id": "db-JVOILQGYJ3BC4U2756V4TBZLNI",
                            "security_group_names.#": "0",
                            "skip_final_snapshot": "true",
                            "status": "available",
                            "storage_encrypted": "false",
                            "storage_type": "gp2",
                            "tags.%": "0",
                            "timezone": "",
                            "username": "testuser",
                            "vpc_security_group_ids.#": "1",
                            "vpc_security_group_ids.570638516": "sg-0c0f123bcc93d7774"
                        },
                        "meta": {
                            "e2bfb730-ecaa-11e6-8f88-34363bc7c4c0": {
                                "create": 2400000000000,
                                "delete": 2400000000000,
                                "update": 4800000000000
                            }
                        },
                        "tainted": false
                    },
                    "deposed": [],
                    "provider": "provider.aws"
                },
                "aws_instance.web_server": {
                    "type": "aws_instance",
                    "depends_on": [
                        "aws_key_pair.web_server_key",
                        "data.aws_ami.latest_amazon_ami"
                    ],
                    "primary": {
                        "id": "i-01707a852229bb3b4",
                        "attributes": {
                            "ami": "ami-0b99c7725b9484f9e",
                            "arn": "arn:aws:ec2:ap-south-1:655492567180:instance/i-01707a852229bb3b4",
                            "associate_public_ip_address": "true",
                            "availability_zone": "ap-south-1a",
                            "cpu_core_count": "1",
                            "cpu_threads_per_core": "1",
                            "credit_specification.#": "1",
                            "credit_specification.0.cpu_credits": "standard",
                            "disable_api_termination": "false",
                            "ebs_block_device.#": "0",
                            "ebs_optimized": "false",
                            "ephemeral_block_device.#": "0",
                            "get_password_data": "false",
                            "iam_instance_profile": "ec2_s3_full_access",
                            "id": "i-01707a852229bb3b4",
                            "instance_state": "running",
                            "instance_type": "t2.micro",
                            "ipv6_address_count": "0",
                            "ipv6_addresses.#": "0",
                            "key_name": "web_server_key",
                            "monitoring": "false",
                            "network_interface.#": "0",
                            "password_data": "",
                            "placement_group": "",
                            "primary_network_interface_id": "eni-092b75b375ef6d589",
                            "private_dns": "ip-10-0-1-18.ap-south-1.compute.internal",
                            "private_ip": "10.0.1.18",
                            "public_dns": "ec2-13-232-159-243.ap-south-1.compute.amazonaws.com",
                            "public_ip": "13.232.159.243",
                            "root_block_device.#": "1",
                            "root_block_device.0.delete_on_termination": "true",
                            "root_block_device.0.encrypted": "false",
                            "root_block_device.0.iops": "100",
                            "root_block_device.0.kms_key_id": "",
                            "root_block_device.0.volume_id": "vol-0b2437e94f14627f1",
                            "root_block_device.0.volume_size": "8",
                            "root_block_device.0.volume_type": "gp2",
                            "security_groups.#": "0",
                            "source_dest_check": "true",
                            "subnet_id": "subnet-0de462fad59ceb10f",
                            "tags.%": "1",
                            "tags.Name": "Web Server",
                            "tenancy": "default",
                            "user_data": "2ceb3bf09b6c2efaaccbd667649f186905fc511a",
                            "volume_tags.%": "0",
                            "vpc_security_group_ids.#": "1",
                            "vpc_security_group_ids.441085053": "sg-0a213343a16f71439"
                        },
                        "meta": {
                            "e2bfb730-ecaa-11e6-8f88-34363bc7c4c0": {
                                "create": 600000000000,
                                "delete": 1200000000000,
                                "update": 600000000000
                            },
                            "schema_version": "1"
                        },
                        "tainted": false
                    },
                    "deposed": [],
                    "provider": "provider.aws"
                },
                "aws_key_pair.web_server_key": {
                    "type": "aws_key_pair",
                    "depends_on": [],
                    "primary": {
                        "id": "web_server_key",
                        "attributes": {
                            "fingerprint": "a6:a9:a1:83:2b:e5:f5:41:05:16:f6:c1:90:bd:82:04",
                            "id": "web_server_key",
                            "key_name": "web_server_key",
                            "public_key": "ssh-rsa AAAAB3NzaC1yc2EAAAADAQABAAABAQC30lq6a3keEcHX6Ec3wNO4umqoQPOjzPm47GQ2FFdOdbLemdJq98cmI82ZUM9fnmnufUXDc3ag/DvfXV7q46ikXVyjggaOV0VlIHy0z3CVkMs5s2PYY0R2U/tVX90wlB49SYFvV1JPo8SaNAl1E7Wca4382M2FMc/9De8icvvFPpI5kjlPwATdqhkjy9Pb058DqxPhWfqVJcnmLo/i0GcqiIn0RM03bDLWP317osfXq5HU1W0YeUuaDIG4F2bjumS0U47CN9WFYAfDHULPaYze5vl6cz+ndLmjYvbtaBCPBxRkzEnL/Ro5R9ww7G4b/5E30xomUayxvSMLxUzf/Dov root@ip-172-31-93-236.ec2.internal"
                        },
                        "meta": {
                            "schema_version": "1"
                        },
                        "tainted": false
                    },
                    "deposed": [],
                    "provider": "provider.aws"
                },
                "aws_launch_configuration.web_server_lc": {
                    "type": "aws_launch_configuration",
                    "depends_on": [
                        "aws_key_pair.web_server_key",
                        "data.aws_ami.latest_amazon_ami"
                    ],
                    "primary": {
                        "id": "web_server_lc",
                        "attributes": {
                            "associate_public_ip_address": "false",
                            "ebs_block_device.#": "0",
                            "ebs_optimized": "false",
                            "enable_monitoring": "false",
                            "ephemeral_block_device.#": "0",
                            "iam_instance_profile": "ec2_s3_full_access",
                            "id": "web_server_lc",
                            "image_id": "ami-0b99c7725b9484f9e",
                            "instance_type": "t2.micro",
                            "key_name": "web_server_key",
                            "name": "web_server_lc",
                            "root_block_device.#": "0",
                            "security_groups.#": "1",
                            "security_groups.441085053": "sg-0a213343a16f71439",
                            "spot_price": "",
                            "user_data": "2ceb3bf09b6c2efaaccbd667649f186905fc511a",
                            "vpc_classic_link_id": "",
                            "vpc_classic_link_security_groups.#": "0"
                        },
                        "meta": {},
                        "tainted": false
                    },
                    "deposed": [],
                    "provider": "provider.aws"
                },
                "data.aws_ami.latest_amazon_ami": {
                    "type": "aws_ami",
                    "depends_on": [],
                    "primary": {
                        "id": "ami-0b99c7725b9484f9e",
                        "attributes": {
                            "architecture": "x86_64",
                            "block_device_mappings.#": "1",
                            "block_device_mappings.340275815.device_name": "/dev/xvda",
                            "block_device_mappings.340275815.ebs.%": "6",
                            "block_device_mappings.340275815.ebs.delete_on_termination": "true",
                            "block_device_mappings.340275815.ebs.encrypted": "false",
                            "block_device_mappings.340275815.ebs.iops": "0",
                            "block_device_mappings.340275815.ebs.snapshot_id": "snap-0dc99f343587e1afc",
                            "block_device_mappings.340275815.ebs.volume_size": "8",
                            "block_device_mappings.340275815.ebs.volume_type": "gp2",
                            "block_device_mappings.340275815.no_device": "",
                            "block_device_mappings.340275815.virtual_name": "",
                            "creation_date": "2019-06-11T01:59:30.000Z",
                            "description": "Amazon Linux AMI 2018.03.0.20190611 x86_64 HVM gp2",
                            "filter.#": "3",
                            "filter.1281954306.name": "root-device-type",
                            "filter.1281954306.values.#": "1",
                            "filter.1281954306.values.0": "ebs",
                            "filter.2304077193.name": "name",
                            "filter.2304077193.values.#": "1",
                            "filter.2304077193.values.0": "amzn-ami-hvm-*-*-gp2",
                            "filter.490168357.name": "virtualization-type",
                            "filter.490168357.values.#": "1",
                            "filter.490168357.values.0": "hvm",
                            "hypervisor": "xen",
                            "id": "ami-0b99c7725b9484f9e",
                            "image_id": "ami-0b99c7725b9484f9e",
                            "image_location": "amazon/amzn-ami-hvm-2018.03.0.20190611-x86_64-gp2",
                            "image_owner_alias": "amazon",
                            "image_type": "machine",
                            "most_recent": "true",
                            "name": "amzn-ami-hvm-2018.03.0.20190611-x86_64-gp2",
                            "owner_id": "137112412989",
                            "owners.#": "1",
                            "owners.0": "amazon",
                            "product_codes.#": "0",
                            "public": "true",
                            "root_device_name": "/dev/xvda",
                            "root_device_type": "ebs",
                            "root_snapshot_id": "snap-0dc99f343587e1afc",
                            "sriov_net_support": "simple",
                            "state": "available",
                            "state_reason.%": "2",
                            "state_reason.code": "UNSET",
                            "state_reason.message": "UNSET",
                            "tags.%": "0",
                            "virtualization_type": "hvm"
                        },
                        "meta": {},
                        "tainted": false
                    },
                    "deposed": [],
                    "provider": "provider.aws"
                }
            },
            "depends_on": []
        },
        {
            "path": [
                "root",
                "security-group"
            ],
            "outputs": {
                "out_app_server_sg_id": {
                    "sensitive": false,
                    "type": "string",
                    "value": "sg-06c04a41f37598c0d"
                },
                "out_lb_sg_id": {
                    "sensitive": false,
                    "type": "string",
                    "value": "sg-047b2aff4f8f0f437"
                },
                "out_rds_sg_id": {
                    "sensitive": false,
                    "type": "string",
                    "value": "sg-0c0f123bcc93d7774"
                },
                "out_web_server_sg_id": {
                    "sensitive": false,
                    "type": "string",
                    "value": "sg-0a213343a16f71439"
                }
            },
            "resources": {
                "aws_security_group.app_server_sg": {
                    "type": "aws_security_group",
                    "depends_on": [],
                    "primary": {
                        "id": "sg-06c04a41f37598c0d",
                        "attributes": {
                            "arn": "arn:aws:ec2:ap-south-1:655492567180:security-group/sg-06c04a41f37598c0d",
                            "description": "Application Server Security Group",
                            "egress.#": "1",
                            "egress.482069346.cidr_blocks.#": "1",
                            "egress.482069346.cidr_blocks.0": "0.0.0.0/0",
                            "egress.482069346.description": "",
                            "egress.482069346.from_port": "0",
                            "egress.482069346.ipv6_cidr_blocks.#": "0",
                            "egress.482069346.prefix_list_ids.#": "0",
                            "egress.482069346.protocol": "-1",
                            "egress.482069346.security_groups.#": "0",
                            "egress.482069346.self": "false",
                            "egress.482069346.to_port": "0",
                            "id": "sg-06c04a41f37598c0d",
                            "ingress.#": "1",
                            "ingress.1960698028.cidr_blocks.#": "1",
                            "ingress.1960698028.cidr_blocks.0": "10.0.0.0/16",
                            "ingress.1960698028.description": "",
                            "ingress.1960698028.from_port": "0",
                            "ingress.1960698028.ipv6_cidr_blocks.#": "0",
                            "ingress.1960698028.prefix_list_ids.#": "0",
                            "ingress.1960698028.protocol": "-1",
                            "ingress.1960698028.security_groups.#": "0",
                            "ingress.1960698028.self": "false",
                            "ingress.1960698028.to_port": "0",
                            "name": "app_server_sg",
                            "owner_id": "655492567180",
                            "revoke_rules_on_delete": "false",
                            "tags.%": "1",
                            "tags.Name": "app_server_sg",
                            "vpc_id": "vpc-0d3d471e097fbc316"
                        },
                        "meta": {
                            "e2bfb730-ecaa-11e6-8f88-34363bc7c4c0": {
                                "create": 600000000000,
                                "delete": 600000000000
                            },
                            "schema_version": "1"
                        },
                        "tainted": false
                    },
                    "deposed": [],
                    "provider": "provider.aws"
                },
                "aws_security_group.lb_sg": {
                    "type": "aws_security_group",
                    "depends_on": [],
                    "primary": {
                        "id": "sg-047b2aff4f8f0f437",
                        "attributes": {
                            "arn": "arn:aws:ec2:ap-south-1:655492567180:security-group/sg-047b2aff4f8f0f437",
                            "description": "ALB Security Group",
                            "egress.#": "1",
                            "egress.482069346.cidr_blocks.#": "1",
                            "egress.482069346.cidr_blocks.0": "0.0.0.0/0",
                            "egress.482069346.description": "",
                            "egress.482069346.from_port": "0",
                            "egress.482069346.ipv6_cidr_blocks.#": "0",
                            "egress.482069346.prefix_list_ids.#": "0",
                            "egress.482069346.protocol": "-1",
                            "egress.482069346.security_groups.#": "0",
                            "egress.482069346.self": "false",
                            "egress.482069346.to_port": "0",
                            "id": "sg-047b2aff4f8f0f437",
                            "ingress.#": "2",
                            "ingress.2214680975.cidr_blocks.#": "1",
                            "ingress.2214680975.cidr_blocks.0": "0.0.0.0/0",
                            "ingress.2214680975.description": "",
                            "ingress.2214680975.from_port": "80",
                            "ingress.2214680975.ipv6_cidr_blocks.#": "0",
                            "ingress.2214680975.prefix_list_ids.#": "0",
                            "ingress.2214680975.protocol": "tcp",
                            "ingress.2214680975.security_groups.#": "0",
                            "ingress.2214680975.self": "false",
                            "ingress.2214680975.to_port": "80",
                            "ingress.2617001939.cidr_blocks.#": "1",
                            "ingress.2617001939.cidr_blocks.0": "0.0.0.0/0",
                            "ingress.2617001939.description": "",
                            "ingress.2617001939.from_port": "443",
                            "ingress.2617001939.ipv6_cidr_blocks.#": "0",
                            "ingress.2617001939.prefix_list_ids.#": "0",
                            "ingress.2617001939.protocol": "tcp",
                            "ingress.2617001939.security_groups.#": "0",
                            "ingress.2617001939.self": "false",
                            "ingress.2617001939.to_port": "443",
                            "name": "lb_sg",
                            "owner_id": "655492567180",
                            "revoke_rules_on_delete": "false",
                            "tags.%": "1",
                            "tags.Name": "lb_sg",
                            "vpc_id": "vpc-0d3d471e097fbc316"
                        },
                        "meta": {
                            "e2bfb730-ecaa-11e6-8f88-34363bc7c4c0": {
                                "create": 600000000000,
                                "delete": 600000000000
                            },
                            "schema_version": "1"
                        },
                        "tainted": false
                    },
                    "deposed": [],
                    "provider": "provider.aws"
                },
                "aws_security_group.rds_sg": {
                    "type": "aws_security_group",
                    "depends_on": [],
                    "primary": {
                        "id": "sg-0c0f123bcc93d7774",
                        "attributes": {
                            "arn": "arn:aws:ec2:ap-south-1:655492567180:security-group/sg-0c0f123bcc93d7774",
                            "description": "MySQL DB Security Group",
                            "egress.#": "1",
                            "egress.482069346.cidr_blocks.#": "1",
                            "egress.482069346.cidr_blocks.0": "0.0.0.0/0",
                            "egress.482069346.description": "",
                            "egress.482069346.from_port": "0",
                            "egress.482069346.ipv6_cidr_blocks.#": "0",
                            "egress.482069346.prefix_list_ids.#": "0",
                            "egress.482069346.protocol": "-1",
                            "egress.482069346.security_groups.#": "0",
                            "egress.482069346.self": "false",
                            "egress.482069346.to_port": "0",
                            "id": "sg-0c0f123bcc93d7774",
                            "ingress.#": "1",
                            "ingress.2938088484.cidr_blocks.#": "1",
                            "ingress.2938088484.cidr_blocks.0": "10.0.0.0/16",
                            "ingress.2938088484.description": "",
                            "ingress.2938088484.from_port": "3306",
                            "ingress.2938088484.ipv6_cidr_blocks.#": "0",
                            "ingress.2938088484.prefix_list_ids.#": "0",
                            "ingress.2938088484.protocol": "tcp",
                            "ingress.2938088484.security_groups.#": "0",
                            "ingress.2938088484.self": "false",
                            "ingress.2938088484.to_port": "3306",
                            "name": "rds_sg",
                            "owner_id": "655492567180",
                            "revoke_rules_on_delete": "false",
                            "tags.%": "1",
                            "tags.Name": "rds_sg",
                            "vpc_id": "vpc-0d3d471e097fbc316"
                        },
                        "meta": {
                            "e2bfb730-ecaa-11e6-8f88-34363bc7c4c0": {
                                "create": 600000000000,
                                "delete": 600000000000
                            },
                            "schema_version": "1"
                        },
                        "tainted": false
                    },
                    "deposed": [],
                    "provider": "provider.aws"
                },
                "aws_security_group.web_server_sg": {
                    "type": "aws_security_group",
                    "depends_on": [
                        "aws_security_group.lb_sg"
                    ],
                    "primary": {
                        "id": "sg-0a213343a16f71439",
                        "attributes": {
                            "arn": "arn:aws:ec2:ap-south-1:655492567180:security-group/sg-0a213343a16f71439",
                            "description": "Web Server Security Group",
                            "egress.#": "1",
                            "egress.482069346.cidr_blocks.#": "1",
                            "egress.482069346.cidr_blocks.0": "0.0.0.0/0",
                            "egress.482069346.description": "",
                            "egress.482069346.from_port": "0",
                            "egress.482069346.ipv6_cidr_blocks.#": "0",
                            "egress.482069346.prefix_list_ids.#": "0",
                            "egress.482069346.protocol": "-1",
                            "egress.482069346.security_groups.#": "0",
                            "egress.482069346.self": "false",
                            "egress.482069346.to_port": "0",
                            "id": "sg-0a213343a16f71439",
                            "ingress.#": "2",
                            "ingress.2541437006.cidr_blocks.#": "1",
                            "ingress.2541437006.cidr_blocks.0": "0.0.0.0/0",
                            "ingress.2541437006.description": "",
                            "ingress.2541437006.from_port": "22",
                            "ingress.2541437006.ipv6_cidr_blocks.#": "0",
                            "ingress.2541437006.prefix_list_ids.#": "0",
                            "ingress.2541437006.protocol": "tcp",
                            "ingress.2541437006.security_groups.#": "0",
                            "ingress.2541437006.self": "false",
                            "ingress.2541437006.to_port": "22",
                            "ingress.2816289839.cidr_blocks.#": "0",
                            "ingress.2816289839.description": "",
                            "ingress.2816289839.from_port": "80",
                            "ingress.2816289839.ipv6_cidr_blocks.#": "0",
                            "ingress.2816289839.prefix_list_ids.#": "0",
                            "ingress.2816289839.protocol": "tcp",
                            "ingress.2816289839.security_groups.#": "1",
                            "ingress.2816289839.security_groups.2261081738": "sg-047b2aff4f8f0f437",
                            "ingress.2816289839.self": "false",
                            "ingress.2816289839.to_port": "80",
                            "name": "web_server_sg",
                            "owner_id": "655492567180",
                            "revoke_rules_on_delete": "false",
                            "tags.%": "1",
                            "tags.Name": "web_server_sg",
                            "vpc_id": "vpc-0d3d471e097fbc316"
                        },
                        "meta": {
                            "e2bfb730-ecaa-11e6-8f88-34363bc7c4c0": {
                                "create": 600000000000,
                                "delete": 600000000000
                            },
                            "schema_version": "1"
                        },
                        "tainted": false
                    },
                    "deposed": [],
                    "provider": "provider.aws"
                }
            },
            "depends_on": []
        },
        {
            "path": [
                "root",
                "vpc"
            ],
            "outputs": {
                "out_pub_subnet_1_id": {
                    "sensitive": false,
                    "type": "string",
                    "value": "subnet-0de462fad59ceb10f"
                },
                "out_pub_subnet_2_id": {
                    "sensitive": false,
                    "type": "string",
                    "value": "subnet-0c1b62d6a0f267c11"
                },
                "out_pvt_subnet_1_id": {
                    "sensitive": false,
                    "type": "string",
                    "value": "subnet-09d1d16c6ea746b19"
                },
                "out_pvt_subnet_2_id": {
                    "sensitive": false,
                    "type": "string",
                    "value": "subnet-0c86d93149f4386cf"
                },
                "out_rds_subnet_name": {
                    "sensitive": false,
                    "type": "string",
                    "value": "rds_subnet"
                },
                "out_vpc_cidr_block": {
                    "sensitive": false,
                    "type": "string",
                    "value": "10.0.0.0/16"
                },
                "out_vpc_id": {
                    "sensitive": false,
                    "type": "string",
                    "value": "vpc-0d3d471e097fbc316"
                }
            },
            "resources": {
                "aws_db_subnet_group.rds_subnet": {
                    "type": "aws_db_subnet_group",
                    "depends_on": [
                        "aws_subnet.pvt_subnet_1",
                        "aws_subnet.pvt_subnet_2"
                    ],
                    "primary": {
                        "id": "rds_subnet",
                        "attributes": {
                            "arn": "arn:aws:rds:ap-south-1:655492567180:subgrp:rds_subnet",
                            "description": "Managed by Terraform",
                            "id": "rds_subnet",
                            "name": "rds_subnet",
                            "subnet_ids.#": "2",
                            "subnet_ids.2843164022": "subnet-0c86d93149f4386cf",
                            "subnet_ids.3571054642": "subnet-09d1d16c6ea746b19",
                            "tags.%": "1",
                            "tags.Name": "rds_subnet"
                        },
                        "meta": {},
                        "tainted": false
                    },
                    "deposed": [],
                    "provider": "provider.aws"
                },
                "aws_default_network_acl.pvt_nacl": {
                    "type": "aws_default_network_acl",
                    "depends_on": [
                        "aws_vpc.vpc"
                    ],
                    "primary": {
                        "id": "acl-0be0b64cf67d8d7c1",
                        "attributes": {
                            "default_network_acl_id": "acl-0be0b64cf67d8d7c1",
                            "egress.#": "1",
                            "egress.1373417576.action": "allow",
                            "egress.1373417576.cidr_block": "10.0.0.0/16",
                            "egress.1373417576.from_port": "0",
                            "egress.1373417576.icmp_code": "0",
                            "egress.1373417576.icmp_type": "0",
                            "egress.1373417576.ipv6_cidr_block": "",
                            "egress.1373417576.protocol": "-1",
                            "egress.1373417576.rule_no": "100",
                            "egress.1373417576.to_port": "0",
                            "id": "acl-0be0b64cf67d8d7c1",
                            "ingress.#": "1",
                            "ingress.1373417576.action": "allow",
                            "ingress.1373417576.cidr_block": "10.0.0.0/16",
                            "ingress.1373417576.from_port": "0",
                            "ingress.1373417576.icmp_code": "0",
                            "ingress.1373417576.icmp_type": "0",
                            "ingress.1373417576.ipv6_cidr_block": "",
                            "ingress.1373417576.protocol": "-1",
                            "ingress.1373417576.rule_no": "100",
                            "ingress.1373417576.to_port": "0",
                            "owner_id": "655492567180",
                            "subnet_ids.#": "4",
                            "subnet_ids.1008398214": "subnet-0c1b62d6a0f267c11",
                            "subnet_ids.153058845": "subnet-0de462fad59ceb10f",
                            "subnet_ids.2843164022": "subnet-0c86d93149f4386cf",
                            "subnet_ids.3571054642": "subnet-09d1d16c6ea746b19",
                            "tags.%": "1",
                            "tags.Name": "pvt_nacl",
                            "vpc_id": "vpc-0d3d471e097fbc316"
                        },
                        "meta": {},
                        "tainted": false
                    },
                    "deposed": [],
                    "provider": "provider.aws"
                },
                "aws_default_route_table.pvt_rtb": {
                    "type": "aws_default_route_table",
                    "depends_on": [
                        "aws_nat_gateway.nat_gateway",
                        "aws_vpc.vpc"
                    ],
                    "primary": {
                        "id": "rtb-0f74b90de65fcef37",
                        "attributes": {
                            "default_route_table_id": "rtb-0f74b90de65fcef37",
                            "id": "rtb-0f74b90de65fcef37",
                            "owner_id": "655492567180",
                            "propagating_vgws.#": "0",
                            "route.#": "1",
                            "route.64469876.cidr_block": "0.0.0.0/0",
                            "route.64469876.egress_only_gateway_id": "",
                            "route.64469876.gateway_id": "",
                            "route.64469876.instance_id": "",
                            "route.64469876.ipv6_cidr_block": "",
                            "route.64469876.nat_gateway_id": "nat-0c3f089d7582c20ec",
                            "route.64469876.network_interface_id": "",
                            "route.64469876.transit_gateway_id": "",
                            "route.64469876.vpc_peering_connection_id": "",
                            "tags.%": "1",
                            "tags.Name": "pvt_rtb",
                            "vpc_id": "vpc-0d3d471e097fbc316"
                        },
                        "meta": {},
                        "tainted": false
                    },
                    "deposed": [],
                    "provider": "provider.aws"
                },
                "aws_eip.nat_ip": {
                    "type": "aws_eip",
                    "depends_on": [],
                    "primary": {
                        "id": "eipalloc-002e6747157c42646",
                        "attributes": {
                            "association_id": "",
                            "domain": "vpc",
                            "id": "eipalloc-002e6747157c42646",
                            "instance": "",
                            "network_interface": "",
                            "private_ip": "",
                            "public_dns": "ec2-13-126-109-76.ap-south-1.compute.amazonaws.com",
                            "public_ip": "13.126.109.76",
                            "public_ipv4_pool": "amazon",
                            "tags.%": "0",
                            "vpc": "true"
                        },
                        "meta": {
                            "e2bfb730-ecaa-11e6-8f88-34363bc7c4c0": {
                                "delete": 180000000000,
                                "read": 900000000000,
                                "update": 300000000000
                            }
                        },
                        "tainted": false
                    },
                    "deposed": [],
                    "provider": "provider.aws"
                },
                "aws_internet_gateway.igw": {
                    "type": "aws_internet_gateway",
                    "depends_on": [
                        "aws_vpc.vpc"
                    ],
                    "primary": {
                        "id": "igw-0ba1b2653deac4c6c",
                        "attributes": {
                            "id": "igw-0ba1b2653deac4c6c",
                            "owner_id": "655492567180",
                            "tags.%": "1",
                            "tags.Name": "test_vpc_igw",
                            "vpc_id": "vpc-0d3d471e097fbc316"
                        },
                        "meta": {},
                        "tainted": false
                    },
                    "deposed": [],
                    "provider": "provider.aws"
                },
                "aws_nat_gateway.nat_gateway": {
                    "type": "aws_nat_gateway",
                    "depends_on": [
                        "aws_eip.nat_ip",
                        "aws_subnet.pub_subnet_1"
                    ],
                    "primary": {
                        "id": "nat-0c3f089d7582c20ec",
                        "attributes": {
                            "allocation_id": "eipalloc-002e6747157c42646",
                            "id": "nat-0c3f089d7582c20ec",
                            "network_interface_id": "eni-0cbdc7162249d77f0",
                            "private_ip": "10.0.1.239",
                            "public_ip": "13.126.109.76",
                            "subnet_id": "subnet-0de462fad59ceb10f",
                            "tags.%": "1",
                            "tags.Name": "test_vpc_nat"
                        },
                        "meta": {},
                        "tainted": false
                    },
                    "deposed": [],
                    "provider": "provider.aws"
                },
                "aws_network_acl.pub_nacl": {
                    "type": "aws_network_acl",
                    "depends_on": [
                        "aws_subnet.pub_subnet_1",
                        "aws_subnet.pub_subnet_2",
                        "aws_vpc.vpc"
                    ],
                    "primary": {
                        "id": "acl-0f88a3f65f5437817",
                        "attributes": {
                            "egress.#": "4",
                            "egress.1222510970.action": "allow",
                            "egress.1222510970.cidr_block": "0.0.0.0/0",
                            "egress.1222510970.from_port": "443",
                            "egress.1222510970.icmp_code": "0",
                            "egress.1222510970.icmp_type": "0",
                            "egress.1222510970.ipv6_cidr_block": "",
                            "egress.1222510970.protocol": "6",
                            "egress.1222510970.rule_no": "200",
                            "egress.1222510970.to_port": "443",
                            "egress.2236105650.action": "allow",
                            "egress.2236105650.cidr_block": "0.0.0.0/0",
                            "egress.2236105650.from_port": "1024",
                            "egress.2236105650.icmp_code": "0",
                            "egress.2236105650.icmp_type": "0",
                            "egress.2236105650.ipv6_cidr_block": "",
                            "egress.2236105650.protocol": "6",
                            "egress.2236105650.rule_no": "400",
                            "egress.2236105650.to_port": "65535",
                            "egress.2654803892.action": "allow",
                            "egress.2654803892.cidr_block": "0.0.0.0/0",
                            "egress.2654803892.from_port": "80",
                            "egress.2654803892.icmp_code": "0",
                            "egress.2654803892.icmp_type": "0",
                            "egress.2654803892.ipv6_cidr_block": "",
                            "egress.2654803892.protocol": "6",
                            "egress.2654803892.rule_no": "100",
                            "egress.2654803892.to_port": "80",
                            "egress.4233684549.action": "allow",
                            "egress.4233684549.cidr_block": "0.0.0.0/0",
                            "egress.4233684549.from_port": "22",
                            "egress.4233684549.icmp_code": "0",
                            "egress.4233684549.icmp_type": "0",
                            "egress.4233684549.ipv6_cidr_block": "",
                            "egress.4233684549.protocol": "6",
                            "egress.4233684549.rule_no": "300",
                            "egress.4233684549.to_port": "22",
                            "id": "acl-0f88a3f65f5437817",
                            "ingress.#": "4",
                            "ingress.1222510970.action": "allow",
                            "ingress.1222510970.cidr_block": "0.0.0.0/0",
                            "ingress.1222510970.from_port": "443",
                            "ingress.1222510970.icmp_code": "0",
                            "ingress.1222510970.icmp_type": "0",
                            "ingress.1222510970.ipv6_cidr_block": "",
                            "ingress.1222510970.protocol": "6",
                            "ingress.1222510970.rule_no": "200",
                            "ingress.1222510970.to_port": "443",
                            "ingress.2236105650.action": "allow",
                            "ingress.2236105650.cidr_block": "0.0.0.0/0",
                            "ingress.2236105650.from_port": "1024",
                            "ingress.2236105650.icmp_code": "0",
                            "ingress.2236105650.icmp_type": "0",
                            "ingress.2236105650.ipv6_cidr_block": "",
                            "ingress.2236105650.protocol": "6",
                            "ingress.2236105650.rule_no": "400",
                            "ingress.2236105650.to_port": "65535",
                            "ingress.2654803892.action": "allow",
                            "ingress.2654803892.cidr_block": "0.0.0.0/0",
                            "ingress.2654803892.from_port": "80",
                            "ingress.2654803892.icmp_code": "0",
                            "ingress.2654803892.icmp_type": "0",
                            "ingress.2654803892.ipv6_cidr_block": "",
                            "ingress.2654803892.protocol": "6",
                            "ingress.2654803892.rule_no": "100",
                            "ingress.2654803892.to_port": "80",
                            "ingress.4233684549.action": "allow",
                            "ingress.4233684549.cidr_block": "0.0.0.0/0",
                            "ingress.4233684549.from_port": "22",
                            "ingress.4233684549.icmp_code": "0",
                            "ingress.4233684549.icmp_type": "0",
                            "ingress.4233684549.ipv6_cidr_block": "",
                            "ingress.4233684549.protocol": "6",
                            "ingress.4233684549.rule_no": "300",
                            "ingress.4233684549.to_port": "22",
                            "owner_id": "655492567180",
                            "subnet_ids.#": "2",
                            "subnet_ids.1008398214": "subnet-0c1b62d6a0f267c11",
                            "subnet_ids.153058845": "subnet-0de462fad59ceb10f",
                            "tags.%": "1",
                            "tags.Name": "pub_nacl",
                            "vpc_id": "vpc-0d3d471e097fbc316"
                        },
                        "meta": {},
                        "tainted": false
                    },
                    "deposed": [],
                    "provider": "provider.aws"
                },
                "aws_route_table.pub_rtb": {
                    "type": "aws_route_table",
                    "depends_on": [
                        "aws_internet_gateway.igw",
                        "aws_vpc.vpc"
                    ],
                    "primary": {
                        "id": "rtb-05cf32f029d985392",
                        "attributes": {
                            "id": "rtb-05cf32f029d985392",
                            "owner_id": "655492567180",
                            "propagating_vgws.#": "0",
                            "route.#": "1",
                            "route.4033450606.cidr_block": "0.0.0.0/0",
                            "route.4033450606.egress_only_gateway_id": "",
                            "route.4033450606.gateway_id": "igw-0ba1b2653deac4c6c",
                            "route.4033450606.instance_id": "",
                            "route.4033450606.ipv6_cidr_block": "",
                            "route.4033450606.nat_gateway_id": "",
                            "route.4033450606.network_interface_id": "",
                            "route.4033450606.transit_gateway_id": "",
                            "route.4033450606.vpc_peering_connection_id": "",
                            "tags.%": "1",
                            "tags.Name": "pub_rtb",
                            "vpc_id": "vpc-0d3d471e097fbc316"
                        },
                        "meta": {},
                        "tainted": false
                    },
                    "deposed": [],
                    "provider": "provider.aws"
                },
                "aws_route_table_association.pub_rtb_assoc_1": {
                    "type": "aws_route_table_association",
                    "depends_on": [
                        "aws_route_table.pub_rtb",
                        "aws_subnet.pub_subnet_1"
                    ],
                    "primary": {
                        "id": "rtbassoc-0401dfb2b6b8cb4e6",
                        "attributes": {
                            "id": "rtbassoc-0401dfb2b6b8cb4e6",
                            "route_table_id": "rtb-05cf32f029d985392",
                            "subnet_id": "subnet-0de462fad59ceb10f"
                        },
                        "meta": {},
                        "tainted": false
                    },
                    "deposed": [],
                    "provider": "provider.aws"
                },
                "aws_route_table_association.pub_rtb_assoc_2": {
                    "type": "aws_route_table_association",
                    "depends_on": [
                        "aws_route_table.pub_rtb",
                        "aws_subnet.pub_subnet_2"
                    ],
                    "primary": {
                        "id": "rtbassoc-0f3ab175177f9bbc5",
                        "attributes": {
                            "id": "rtbassoc-0f3ab175177f9bbc5",
                            "route_table_id": "rtb-05cf32f029d985392",
                            "subnet_id": "subnet-0c1b62d6a0f267c11"
                        },
                        "meta": {},
                        "tainted": false
                    },
                    "deposed": [],
                    "provider": "provider.aws"
                },
                "aws_subnet.pub_subnet_1": {
                    "type": "aws_subnet",
                    "depends_on": [
                        "aws_vpc.vpc"
                    ],
                    "primary": {
                        "id": "subnet-0de462fad59ceb10f",
                        "attributes": {
                            "arn": "arn:aws:ec2:ap-south-1:655492567180:subnet/subnet-0de462fad59ceb10f",
                            "assign_ipv6_address_on_creation": "false",
                            "availability_zone": "ap-south-1a",
                            "availability_zone_id": "aps1-az1",
                            "cidr_block": "10.0.1.0/24",
                            "id": "subnet-0de462fad59ceb10f",
                            "ipv6_cidr_block": "",
                            "ipv6_cidr_block_association_id": "",
                            "map_public_ip_on_launch": "true",
                            "owner_id": "655492567180",
                            "tags.%": "1",
                            "tags.Name": "pub_subnet_1",
                            "vpc_id": "vpc-0d3d471e097fbc316"
                        },
                        "meta": {
                            "e2bfb730-ecaa-11e6-8f88-34363bc7c4c0": {
                                "create": 600000000000,
                                "delete": 1200000000000
                            },
                            "schema_version": "1"
                        },
                        "tainted": false
                    },
                    "deposed": [],
                    "provider": "provider.aws"
                },
                "aws_subnet.pub_subnet_2": {
                    "type": "aws_subnet",
                    "depends_on": [
                        "aws_vpc.vpc"
                    ],
                    "primary": {
                        "id": "subnet-0c1b62d6a0f267c11",
                        "attributes": {
                            "arn": "arn:aws:ec2:ap-south-1:655492567180:subnet/subnet-0c1b62d6a0f267c11",
                            "assign_ipv6_address_on_creation": "false",
                            "availability_zone": "ap-south-1b",
                            "availability_zone_id": "aps1-az3",
                            "cidr_block": "10.0.2.0/24",
                            "id": "subnet-0c1b62d6a0f267c11",
                            "ipv6_cidr_block": "",
                            "ipv6_cidr_block_association_id": "",
                            "map_public_ip_on_launch": "true",
                            "owner_id": "655492567180",
                            "tags.%": "1",
                            "tags.Name": "pub_subnet_2",
                            "vpc_id": "vpc-0d3d471e097fbc316"
                        },
                        "meta": {
                            "e2bfb730-ecaa-11e6-8f88-34363bc7c4c0": {
                                "create": 600000000000,
                                "delete": 1200000000000
                            },
                            "schema_version": "1"
                        },
                        "tainted": false
                    },
                    "deposed": [],
                    "provider": "provider.aws"
                },
                "aws_subnet.pvt_subnet_1": {
                    "type": "aws_subnet",
                    "depends_on": [
                        "aws_vpc.vpc"
                    ],
                    "primary": {
                        "id": "subnet-09d1d16c6ea746b19",
                        "attributes": {
                            "arn": "arn:aws:ec2:ap-south-1:655492567180:subnet/subnet-09d1d16c6ea746b19",
                            "assign_ipv6_address_on_creation": "false",
                            "availability_zone": "ap-south-1b",
                            "availability_zone_id": "aps1-az3",
                            "cidr_block": "10.0.3.0/24",
                            "id": "subnet-09d1d16c6ea746b19",
                            "ipv6_cidr_block": "",
                            "ipv6_cidr_block_association_id": "",
                            "map_public_ip_on_launch": "false",
                            "owner_id": "655492567180",
                            "tags.%": "1",
                            "tags.Name": "pvt_subnet_1",
                            "vpc_id": "vpc-0d3d471e097fbc316"
                        },
                        "meta": {
                            "e2bfb730-ecaa-11e6-8f88-34363bc7c4c0": {
                                "create": 600000000000,
                                "delete": 1200000000000
                            },
                            "schema_version": "1"
                        },
                        "tainted": false
                    },
                    "deposed": [],
                    "provider": "provider.aws"
                },
                "aws_subnet.pvt_subnet_2": {
                    "type": "aws_subnet",
                    "depends_on": [
                        "aws_vpc.vpc"
                    ],
                    "primary": {
                        "id": "subnet-0c86d93149f4386cf",
                        "attributes": {
                            "arn": "arn:aws:ec2:ap-south-1:655492567180:subnet/subnet-0c86d93149f4386cf",
                            "assign_ipv6_address_on_creation": "false",
                            "availability_zone": "ap-south-1a",
                            "availability_zone_id": "aps1-az1",
                            "cidr_block": "10.0.4.0/24",
                            "id": "subnet-0c86d93149f4386cf",
                            "ipv6_cidr_block": "",
                            "ipv6_cidr_block_association_id": "",
                            "map_public_ip_on_launch": "false",
                            "owner_id": "655492567180",
                            "tags.%": "1",
                            "tags.Name": "pvt_subnet_2",
                            "vpc_id": "vpc-0d3d471e097fbc316"
                        },
                        "meta": {
                            "e2bfb730-ecaa-11e6-8f88-34363bc7c4c0": {
                                "create": 600000000000,
                                "delete": 1200000000000
                            },
                            "schema_version": "1"
                        },
                        "tainted": false
                    },
                    "deposed": [],
                    "provider": "provider.aws"
                },
                "aws_vpc.vpc": {
                    "type": "aws_vpc",
                    "depends_on": [],
                    "primary": {
                        "id": "vpc-0d3d471e097fbc316",
                        "attributes": {
                            "arn": "arn:aws:ec2:ap-south-1:655492567180:vpc/vpc-0d3d471e097fbc316",
                            "assign_generated_ipv6_cidr_block": "false",
                            "cidr_block": "10.0.0.0/16",
                            "default_network_acl_id": "acl-0be0b64cf67d8d7c1",
                            "default_route_table_id": "rtb-0f74b90de65fcef37",
                            "default_security_group_id": "sg-06efec6cb91327b74",
                            "dhcp_options_id": "dopt-4faba427",
                            "enable_dns_hostnames": "true",
                            "enable_dns_support": "true",
                            "id": "vpc-0d3d471e097fbc316",
                            "instance_tenancy": "default",
                            "ipv6_association_id": "",
                            "ipv6_cidr_block": "",
                            "main_route_table_id": "rtb-0f74b90de65fcef37",
                            "owner_id": "655492567180",
                            "tags.%": "1",
                            "tags.Name": "test_vpc"
                        },
                        "meta": {
                            "schema_version": "1"
                        },
                        "tainted": false
                    },
                    "deposed": [],
                    "provider": "provider.aws"
                }
            },
            "depends_on": []
        }
    ]
}
